
Microsoft Visual Studio Solution File, Format Version 12.00
# Visual Studio 15
VisualStudioVersion = 15.0.27130.2026
MinimumVisualStudioVersion = 10.0.40219.1
Project("{9A19103F-16F7-4668-BE54-9A1E7A4F7556}") = "Sample.Basic", "Sample.Basic\Sample.Basic.csproj", "{4529D0EB-B8E4-4568-9DC4-E8FC07635721}"
EndProject
Project("{9A19103F-16F7-4668-BE54-9A1E7A4F7556}") = "Sample.CustomTenantDistinguisher", "Sample.CustomTenantDistinguisher\Sample.CustomTenantDistinguisher.csproj", "{AB22F7C2-42F2-40A7-BB36-BB32896FD025}"
EndProject
Project("{9A19103F-16F7-4668-BE54-9A1E7A4F7556}") = "Sample.TenantContainer", "Sample.TenantContainer\Sample.TenantContainer.csproj", "{80B54014-1FBB-4928-B594-FDBEB76E2670}"
EndProject
Project("{9A19103F-16F7-4668-BE54-9A1E7A4F7556}") = "Sample.RazorPages", "Sample.RazorPages\Sample.RazorPages.csproj", "{0D72CCB0-EFE0-4B1C-A9F3-7A3D4CE77F04}"
EndProject
Project("{9A19103F-16F7-4668-BE54-9A1E7A4F7556}") = "Sample.EFCore.MultitenantDb", "Sample.EFCore.MultitenantDb\Sample.EFCore.MultitenantDb.csproj", "{6E15CF09-9F9D-48D8-86DD-5B58D6855F6D}"
EndProject
Project("{9A19103F-16F7-4668-BE54-9A1E7A4F7556}") = "Sample.EFCore.PerTenantDb", "Sample.EFCore.PerTenantDb\Sample.EFCore.PerTenantDb.csproj", "{BE520C69-2296-49DA-9BA7-B146E51EDE8E}"
EndProject
Project("{FAE04EC0-301F-11D3-BF4B-00C04F79EFBC}") = "Sample.Authentication", "Sample.Authentication\Sample.Authentication.csproj", "{672AD8CA-3029-412D-BACB-FA3913E87AD6}"
EndProject
Global
	GlobalSection(SolutionConfigurationPlatforms) = preSolution
		Debug|Any CPU = Debug|Any CPU
		Release|Any CPU = Release|Any CPU
	EndGlobalSection
	GlobalSection(ProjectConfigurationPlatforms) = postSolution
		{4529D0EB-B8E4-4568-9DC4-E8FC07635721}.Debug|Any CPU.ActiveCfg = Debug|Any CPU
		{4529D0EB-B8E4-4568-9DC4-E8FC07635721}.Debug|Any CPU.Build.0 = Debug|Any CPU
		{4529D0EB-B8E4-4568-9DC4-E8FC07635721}.Release|Any CPU.ActiveCfg = Release|Any CPU
		{4529D0EB-B8E4-4568-9DC4-E8FC07635721}.Release|Any CPU.Build.0 = Release|Any CPU
		{AB22F7C2-42F2-40A7-BB36-BB32896FD025}.Debug|Any CPU.ActiveCfg = Debug|Any CPU
		{AB22F7C2-42F2-40A7-BB36-BB32896FD025}.Debug|Any CPU.Build.0 = Debug|Any CPU
		{AB22F7C2-42F2-40A7-BB36-BB32896FD025}.Release|Any CPU.ActiveCfg = Release|Any CPU
		{AB22F7C2-42F2-40A7-BB36-BB32896FD025}.Release|Any CPU.Build.0 = Release|Any CPU
		{80B54014-1FBB-4928-B594-FDBEB76E2670}.Debug|Any CPU.ActiveCfg = Debug|Any CPU
		{80B54014-1FBB-4928-B594-FDBEB76E2670}.Debug|Any CPU.Build.0 = Debug|Any CPU
		{80B54014-1FBB-4928-B594-FDBEB76E2670}.Release|Any CPU.ActiveCfg = Release|Any CPU
		{80B54014-1FBB-4928-B594-FDBEB76E2670}.Release|Any CPU.Build.0 = Release|Any CPU
		{0D72CCB0-EFE0-4B1C-A9F3-7A3D4CE77F04}.Debug|Any CPU.ActiveCfg = Debug|Any CPU
		{0D72CCB0-EFE0-4B1C-A9F3-7A3D4CE77F04}.Debug|Any CPU.Build.0 = Debug|Any CPU
		{0D72CCB0-EFE0-4B1C-A9F3-7A3D4CE77F04}.Release|Any CPU.ActiveCfg = Release|Any CPU
		{0D72CCB0-EFE0-4B1C-A9F3-7A3D4CE77F04}.Release|Any CPU.Build.0 = Release|Any CPU
		{6E15CF09-9F9D-48D8-86DD-5B58D6855F6D}.Debug|Any CPU.ActiveCfg = Debug|Any CPU
		{6E15CF09-9F9D-48D8-86DD-5B58D6855F6D}.Debug|Any CPU.Build.0 = Debug|Any CPU
		{6E15CF09-9F9D-48D8-86DD-5B58D6855F6D}.Release|Any CPU.ActiveCfg = Release|Any CPU
		{6E15CF09-9F9D-48D8-86DD-5B58D6855F6D}.Release|Any CPU.Build.0 = Release|Any CPU
		{BE520C69-2296-49DA-9BA7-B146E51EDE8E}.Debug|Any CPU.ActiveCfg = Debug|Any CPU
		{BE520C69-2296-49DA-9BA7-B146E51EDE8E}.Debug|Any CPU.Build.0 = Debug|Any CPU
		{BE520C69-2296-49DA-9BA7-B146E51EDE8E}.Release|Any CPU.ActiveCfg = Release|Any CPU
		{BE520C69-2296-49DA-9BA7-B146E51EDE8E}.Release|Any CPU.Build.0 = Release|Any CPU
		{672AD8CA-3029-412D-BACB-FA3913E87AD6}.Debug|Any CPU.ActiveCfg = Debug|Any CPU
		{672AD8CA-3029-412D-BACB-FA3913E87AD6}.Debug|Any CPU.Build.0 = Debug|Any CPU
		{672AD8CA-3029-412D-BACB-FA3913E87AD6}.Release|Any CPU.ActiveCfg = Release|Any CPU
		{672AD8CA-3029-412D-BACB-FA3913E87AD6}.Release|Any CPU.Build.0 = Release|Any CPU
	EndGlobalSection
	GlobalSection(SolutionProperties) = preSolution
		HideSolutionNode = FALSE
	EndGlobalSection
	GlobalSection(ExtensibilityGlobals) = postSolution
		SolutionGuid = {8282E5D2-6B2C-424D-8976-F004692E161E}
	EndGlobalSection
EndGlobal
